
Microsoft Visual Studio Solution File, Format Version 12.00
# Visual Studio Version 17
VisualStudioVersion = 17.14.37012.4 d17.14
MinimumVisualStudioVersion = 10.0.40219.1
Project("{FAE04EC0-301F-11D3-BF4B-00C04F79EFBC}") = "asp_02", "asp_02\asp_02.csproj", "{6FE203C7-48C7-46A6-AC47-45D300730695}"
EndProject
Global
	GlobalSection(SolutionConfigurationPlatforms) = preSolution
		Debug|Any CPU = Debug|Any CPU
		Release|Any CPU = Release|Any CPU
	EndGlobalSection
	GlobalSection(ProjectConfigurationPlatforms) = postSolution
		{6FE203C7-48C7-46A6-AC47-45D300730695}.Debug|Any CPU.ActiveCfg = Debug|Any CPU
		{6FE203C7-48C7-46A6-AC47-45D300730695}.Debug|Any CPU.Build.0 = Debug|Any CPU
		{6FE203C7-48C7-46A6-AC47-45D300730695}.Release|Any CPU.ActiveCfg = Release|Any CPU
		{6FE203C7-48C7-46A6-AC47-45D300730695}.Release|Any CPU.Build.0 = Release|Any CPU
	EndGlobalSection
	GlobalSection(SolutionProperties) = preSolution
		HideSolutionNode = FALSE
	EndGlobalSection
	GlobalSection(ExtensibilityGlobals) = postSolution
		SolutionGuid = {AD5B18DC-29C1-40B5-90B3-80A5A9267B7B}
	EndGlobalSection
EndGlobal
